{
  "name": "project-hash-map",
  "version": "1.0.0",
  "lockfileVersion": 3,
  "requires": true,
  "packages": {
    "": {
      "name": "project-hash-map",
      "version": "1.0.0",
      "license": "ISC",
      "dependencies": {
        "@terika/linked-lists": "^1.0.2"
      }
    },
    "node_modules/@terika/linked-lists": {
      "version": "1.0.2",
      "resolved": "https://registry.npmjs.org/@terika/linked-lists/-/linked-lists-1.0.2.tgz",
      "integrity": "sha512-wNaMy6k0mbJ920ZaWmHarm9KGXgOHUV8VbYMZtob+Ixm8t9ss6uUrXmGYgu71rxByjS/3Ah9L6AvWAu3xcdDnA==",
      "license": "ISC"
    }
  }
}
