{
  "name": "project-hash-map",
  "version": "1.0.0",
  "lockfileVersion": 3,
  "requires": true,
  "packages": {
    "": {
      "name": "project-hash-map",
      "version": "1.0.0",
      "license": "ISC",
      "dependencies": {
        "@terika/linked-lists": "^1.0.0"
      }
    },
    "node_modules/@terika/linked-lists": {
      "version": "1.0.1",
      "resolved": "https://registry.npmjs.org/@terika/linked-lists/-/linked-lists-1.0.1.tgz",
      "integrity": "sha512-cGiZeMssfVtZWDaa7DDVJHYUo07yduRXTuLKBNXsbNlK35kvrKM2xG0e37tdcVar9T7d2loQkMVGBj2qgEd2EA==",
      "license": "ISC"
    }
  }
}
