{
  "name": "project-hash-map",
  "version": "1.0.0",
  "lockfileVersion": 3,
  "requires": true,
  "packages": {
    "": {
      "name": "project-hash-map",
      "version": "1.0.0",
      "license": "ISC",
      "dependencies": {
        "@terika/linked-lists": "^1.0.3"
      }
    },
    "node_modules/@terika/linked-lists": {
      "version": "1.0.3",
      "resolved": "https://registry.npmjs.org/@terika/linked-lists/-/linked-lists-1.0.3.tgz",
      "integrity": "sha512-Q6ZqT0gDfIreAJgOYKOrLDH4L2vBYt0d1oxWN8o8e4jwAstVCihrg8zRxe5/YtYbA6CIB/9ynvUL7oyCUea0pA==",
      "license": "ISC"
    }
  }
}
